
Microsoft Visual Studio Solution File, Format Version 12.00
# Visual Studio Version 16
VisualStudioVersion = 16.0.30320.27
MinimumVisualStudioVersion = 10.0.40219.1
Project("{8BC9CEB8-8B4A-11D0-8D11-00A0C91BC942}") = "Lab7", "Lab7\Lab7.vcxproj", "{CFBDF708-8F2C-43E4-8195-45414FBB334B}"
EndProject
Global
	GlobalSection(SolutionConfigurationPlatforms) = preSolution
		Debug|x64 = Debug|x64
		Debug|x86 = Debug|x86
		Release|x64 = Release|x64
		Release|x86 = Release|x86
	EndGlobalSection
	GlobalSection(ProjectConfigurationPlatforms) = postSolution
		{CFBDF708-8F2C-43E4-8195-45414FBB334B}.Debug|x64.ActiveCfg = Debug|x64
		{CFBDF708-8F2C-43E4-8195-45414FBB334B}.Debug|x64.Build.0 = Debug|x64
		{CFBDF708-8F2C-43E4-8195-45414FBB334B}.Debug|x86.ActiveCfg = Debug|Win32
		{CFBDF708-8F2C-43E4-8195-45414FBB334B}.Debug|x86.Build.0 = Debug|Win32
		{CFBDF708-8F2C-43E4-8195-45414FBB334B}.Release|x64.ActiveCfg = Release|x64
		{CFBDF708-8F2C-43E4-8195-45414FBB334B}.Release|x64.Build.0 = Release|x64
		{CFBDF708-8F2C-43E4-8195-45414FBB334B}.Release|x86.ActiveCfg = Release|Win32
		{CFBDF708-8F2C-43E4-8195-45414FBB334B}.Release|x86.Build.0 = Release|Win32
	EndGlobalSection
	GlobalSection(SolutionProperties) = preSolution
		HideSolutionNode = FALSE
	EndGlobalSection
	GlobalSection(ExtensibilityGlobals) = postSolution
		SolutionGuid = {BAF7996E-3D9E-47E0-AB1F-91C0B59714D4}
	EndGlobalSection
EndGlobal
